// !$*UTF8*$!
{
	archiveVersion = 1;
	classes = {
	};
	objectVersion = 56;
	objects = {

/* Begin PBXBuildFile section */
		4D4EA1A32A38D880008C1FC0 /* ButtonStyle.swift in Sources */ = {isa = PBXBuildFile; fileRef = 4D4EA1A22A38D880008C1FC0 /* ButtonStyle.swift */; };
		4D5511C42A37D63C00DB9C81 /* FrogButton.swift in Sources */ = {isa = PBXBuildFile; fileRef = 4D5511C32A37D63C00DB9C81 /* FrogButton.swift */; };
		4D6520E92A313EC100E971C2 /* PackageTest1 in Frameworks */ = {isa = PBXBuildFile; productRef = 4D6520E82A313EC100E971C2 /* PackageTest1 */; };
		4D706BCE2A2A492500403962 /* LandmarksApp.swift in Sources */ = {isa = PBXBuildFile; fileRef = 4D706BCD2A2A492500403962 /* LandmarksApp.swift */; };
		4D706BD02A2A492500403962 /* ContentView.swift in Sources */ = {isa = PBXBuildFile; fileRef = 4D706BCF2A2A492500403962 /* ContentView.swift */; };
		4D706BD22A2A492700403962 /* Assets.xcassets in Resources */ = {isa = PBXBuildFile; fileRef = 4D706BD12A2A492700403962 /* Assets.xcassets */; };
		4D706BD52A2A492700403962 /* Preview Assets.xcassets in Resources */ = {isa = PBXBuildFile; fileRef = 4D706BD42A2A492700403962 /* Preview Assets.xcassets */; };
		4D706BDF2A2A492800403962 /* LandmarksTests.swift in Sources */ = {isa = PBXBuildFile; fileRef = 4D706BDE2A2A492800403962 /* LandmarksTests.swift */; };
		4D706BE92A2A492800403962 /* LandmarksUITests.swift in Sources */ = {isa = PBXBuildFile; fileRef = 4D706BE82A2A492800403962 /* LandmarksUITests.swift */; };
		4D706BEB2A2A492800403962 /* LandmarksUITestsLaunchTests.swift in Sources */ = {isa = PBXBuildFile; fileRef = 4D706BEA2A2A492800403962 /* LandmarksUITestsLaunchTests.swift */; };
		4D706BF82A2A6A3400403962 /* CircleImage.swift in Sources */ = {isa = PBXBuildFile; fileRef = 4D706BF72A2A6A3400403962 /* CircleImage.swift */; };
		4D706BFA2A2A6FDC00403962 /* MapView.swift in Sources */ = {isa = PBXBuildFile; fileRef = 4D706BF92A2A6FDC00403962 /* MapView.swift */; };
		4D706BFC2A2A79F700403962 /* landmarkData.json in Resources */ = {isa = PBXBuildFile; fileRef = 4D706BFB2A2A79F700403962 /* landmarkData.json */; };
		4D706C002A2A7A5900403962 /* Landmark.swift in Sources */ = {isa = PBXBuildFile; fileRef = 4D706BFF2A2A7A5900403962 /* Landmark.swift */; };
		4D706C022A2A7C3D00403962 /* ModelData.swift in Sources */ = {isa = PBXBuildFile; fileRef = 4D706C012A2A7C3D00403962 /* ModelData.swift */; };
		4D706C072A2A952300403962 /* LandmarkRow.swift in Sources */ = {isa = PBXBuildFile; fileRef = 4D706C062A2A952300403962 /* LandmarkRow.swift */; };
		4D706C092A2A984C00403962 /* LandmarksList.swift in Sources */ = {isa = PBXBuildFile; fileRef = 4D706C082A2A984C00403962 /* LandmarksList.swift */; };
		4D706C0B2A2A9B2000403962 /* LandmarkDetail.swift in Sources */ = {isa = PBXBuildFile; fileRef = 4D706C0A2A2A9B2000403962 /* LandmarkDetail.swift */; };
		4DB8B29C2A2E616800CE5ADF /* FavoriteButton.swift in Sources */ = {isa = PBXBuildFile; fileRef = 4DB8B29B2A2E616800CE5ADF /* FavoriteButton.swift */; };
		4DB8B2A02A2E688600CE5ADF /* HexagonParemeters.swift in Sources */ = {isa = PBXBuildFile; fileRef = 4DB8B29F2A2E688600CE5ADF /* HexagonParemeters.swift */; };
		4DB8B2A32A2E6A3500CE5ADF /* BadgeBackground.swift in Sources */ = {isa = PBXBuildFile; fileRef = 4DB8B2A22A2E6A3500CE5ADF /* BadgeBackground.swift */; };
		4DB8B2A52A2E70EE00CE5ADF /* BadgeSymbol.swift in Sources */ = {isa = PBXBuildFile; fileRef = 4DB8B2A42A2E70EE00CE5ADF /* BadgeSymbol.swift */; };
		4DB8B2A72A2E715000CE5ADF /* RotatedBadgeSymbol.swift in Sources */ = {isa = PBXBuildFile; fileRef = 4DB8B2A62A2E715000CE5ADF /* RotatedBadgeSymbol.swift */; };
		4DB8B2A92A2E718C00CE5ADF /* Badge.swift in Sources */ = {isa = PBXBuildFile; fileRef = 4DB8B2A82A2E718C00CE5ADF /* Badge.swift */; };
		4DB8B2AC2A2FA24D00CE5ADF /* hikeData.json in Resources */ = {isa = PBXBuildFile; fileRef = 4DB8B2AB2A2FA24D00CE5ADF /* hikeData.json */; };
		4DB8B2AE2A2FA39400CE5ADF /* Hike.swift in Sources */ = {isa = PBXBuildFile; fileRef = 4DB8B2AD2A2FA39400CE5ADF /* Hike.swift */; };
		4DB8B2B62A2FA4A700CE5ADF /* GraphCapsule.swift in Sources */ = {isa = PBXBuildFile; fileRef = 4DB8B2B22A2FA4A700CE5ADF /* GraphCapsule.swift */; };
		4DB8B2B72A2FA4A700CE5ADF /* HikeGraph.swift in Sources */ = {isa = PBXBuildFile; fileRef = 4DB8B2B32A2FA4A700CE5ADF /* HikeGraph.swift */; };
		4DB8B2B82A2FA4A700CE5ADF /* HikeDetail.swift in Sources */ = {isa = PBXBuildFile; fileRef = 4DB8B2B42A2FA4A700CE5ADF /* HikeDetail.swift */; };
		4DB8B2B92A2FA4A700CE5ADF /* HikeView.swift in Sources */ = {isa = PBXBuildFile; fileRef = 4DB8B2B52A2FA4A700CE5ADF /* HikeView.swift */; };
/* End PBXBuildFile section */

/* Begin PBXContainerItemProxy section */
		4D706BDB2A2A492800403962 /* PBXContainerItemProxy */ = {
			isa = PBXContainerItemProxy;
			containerPortal = 4D706BC22A2A492500403962 /* Project object */;
			proxyType = 1;
			remoteGlobalIDString = 4D706BC92A2A492500403962;
			remoteInfo = Landmarks;
		};
		4D706BE52A2A492800403962 /* PBXContainerItemProxy */ = {
			isa = PBXContainerItemProxy;
			containerPortal = 4D706BC22A2A492500403962 /* Project object */;
			proxyType = 1;
			remoteGlobalIDString = 4D706BC92A2A492500403962;
			remoteInfo = Landmarks;
		};
/* End PBXContainerItemProxy section */

/* Begin PBXFileReference section */
		4D4EA1A22A38D880008C1FC0 /* ButtonStyle.swift */ = {isa = PBXFileReference; lastKnownFileType = sourcecode.swift; path = ButtonStyle.swift; sourceTree = "<group>"; };
		4D5511C32A37D63C00DB9C81 /* FrogButton.swift */ = {isa = PBXFileReference; lastKnownFileType = sourcecode.swift; path = FrogButton.swift; sourceTree = "<group>"; };
		4D706BCA2A2A492500403962 /* Landmarks.app */ = {isa = PBXFileReference; explicitFileType = wrapper.application; includeInIndex = 0; path = Landmarks.app; sourceTree = BUILT_PRODUCTS_DIR; };
		4D706BCD2A2A492500403962 /* LandmarksApp.swift */ = {isa = PBXFileReference; lastKnownFileType = sourcecode.swift; path = LandmarksApp.swift; sourceTree = "<group>"; };
		4D706BCF2A2A492500403962 /* ContentView.swift */ = {isa = PBXFileReference; lastKnownFileType = sourcecode.swift; path = ContentView.swift; sourceTree = "<group>"; };
		4D706BD12A2A492700403962 /* Assets.xcassets */ = {isa = PBXFileReference; lastKnownFileType = folder.assetcatalog; path = Assets.xcassets; sourceTree = "<group>"; };
		4D706BD42A2A492700403962 /* Preview Assets.xcassets */ = {isa = PBXFileReference; lastKnownFileType = folder.assetcatalog; path = "Preview Assets.xcassets"; sourceTree = "<group>"; };
		4D706BDA2A2A492800403962 /* LandmarksTests.xctest */ = {isa = PBXFileReference; explicitFileType = wrapper.cfbundle; includeInIndex = 0; path = LandmarksTests.xctest; sourceTree = BUILT_PRODUCTS_DIR; };
		4D706BDE2A2A492800403962 /* LandmarksTests.swift */ = {isa = PBXFileReference; lastKnownFileType = sourcecode.swift; path = LandmarksTests.swift; sourceTree = "<group>"; };
		4D706BE42A2A492800403962 /* LandmarksUITests.xctest */ = {isa = PBXFileReference; explicitFileType = wrapper.cfbundle; includeInIndex = 0; path = LandmarksUITests.xctest; sourceTree = BUILT_PRODUCTS_DIR; };
		4D706BE82A2A492800403962 /* LandmarksUITests.swift */ = {isa = PBXFileReference; lastKnownFileType = sourcecode.swift; path = LandmarksUITests.swift; sourceTree = "<group>"; };
		4D706BEA2A2A492800403962 /* LandmarksUITestsLaunchTests.swift */ = {isa = PBXFileReference; lastKnownFileType = sourcecode.swift; path = LandmarksUITestsLaunchTests.swift; sourceTree = "<group>"; };
		4D706BF72A2A6A3400403962 /* CircleImage.swift */ = {isa = PBXFileReference; lastKnownFileType = sourcecode.swift; name = CircleImage.swift; path = Landmarks/Views/Helpers/CircleImage.swift; sourceTree = SOURCE_ROOT; };
		4D706BF92A2A6FDC00403962 /* MapView.swift */ = {isa = PBXFileReference; lastKnownFileType = sourcecode.swift; path = MapView.swift; sourceTree = "<group>"; };
		4D706BFB2A2A79F700403962 /* landmarkData.json */ = {isa = PBXFileReference; fileEncoding = 4; lastKnownFileType = text.json; path = landmarkData.json; sourceTree = "<group>"; };
		4D706BFF2A2A7A5900403962 /* Landmark.swift */ = {isa = PBXFileReference; lastKnownFileType = sourcecode.swift; path = Landmark.swift; sourceTree = "<group>"; };
		4D706C012A2A7C3D00403962 /* ModelData.swift */ = {isa = PBXFileReference; lastKnownFileType = sourcecode.swift; path = ModelData.swift; sourceTree = "<group>"; };
		4D706C062A2A952300403962 /* LandmarkRow.swift */ = {isa = PBXFileReference; lastKnownFileType = sourcecode.swift; path = LandmarkRow.swift; sourceTree = "<group>"; };
		4D706C082A2A984C00403962 /* LandmarksList.swift */ = {isa = PBXFileReference; lastKnownFileType = sourcecode.swift; path = LandmarksList.swift; sourceTree = "<group>"; };
		4D706C0A2A2A9B2000403962 /* LandmarkDetail.swift */ = {isa = PBXFileReference; lastKnownFileType = sourcecode.swift; path = LandmarkDetail.swift; sourceTree = "<group>"; };
		4DB8B29B2A2E616800CE5ADF /* FavoriteButton.swift */ = {isa = PBXFileReference; lastKnownFileType = sourcecode.swift; path = FavoriteButton.swift; sourceTree = "<group>"; };
		4DB8B29F2A2E688600CE5ADF /* HexagonParemeters.swift */ = {isa = PBXFileReference; lastKnownFileType = sourcecode.swift; path = HexagonParemeters.swift; sourceTree = "<group>"; };
		4DB8B2A22A2E6A3500CE5ADF /* BadgeBackground.swift */ = {isa = PBXFileReference; lastKnownFileType = sourcecode.swift; path = BadgeBackground.swift; sourceTree = "<group>"; };
		4DB8B2A42A2E70EE00CE5ADF /* BadgeSymbol.swift */ = {isa = PBXFileReference; lastKnownFileType = sourcecode.swift; path = BadgeSymbol.swift; sourceTree = "<group>"; };
		4DB8B2A62A2E715000CE5ADF /* RotatedBadgeSymbol.swift */ = {isa = PBXFileReference; lastKnownFileType = sourcecode.swift; path = RotatedBadgeSymbol.swift; sourceTree = "<group>"; };
		4DB8B2A82A2E718C00CE5ADF /* Badge.swift */ = {isa = PBXFileReference; lastKnownFileType = sourcecode.swift; path = Badge.swift; sourceTree = "<group>"; };
		4DB8B2AB2A2FA24D00CE5ADF /* hikeData.json */ = {isa = PBXFileReference; fileEncoding = 4; lastKnownFileType = text.json; path = hikeData.json; sourceTree = "<group>"; };
		4DB8B2AD2A2FA39400CE5ADF /* Hike.swift */ = {isa = PBXFileReference; lastKnownFileType = sourcecode.swift; path = Hike.swift; sourceTree = "<group>"; };
		4DB8B2B22A2FA4A700CE5ADF /* GraphCapsule.swift */ = {isa = PBXFileReference; fileEncoding = 4; lastKnownFileType = sourcecode.swift; path = GraphCapsule.swift; sourceTree = "<group>"; };
		4DB8B2B32A2FA4A700CE5ADF /* HikeGraph.swift */ = {isa = PBXFileReference; fileEncoding = 4; lastKnownFileType = sourcecode.swift; path = HikeGraph.swift; sourceTree = "<group>"; };
		4DB8B2B42A2FA4A700CE5ADF /* HikeDetail.swift */ = {isa = PBXFileReference; fileEncoding = 4; lastKnownFileType = sourcecode.swift; path = HikeDetail.swift; sourceTree = "<group>"; };
		4DB8B2B52A2FA4A700CE5ADF /* HikeView.swift */ = {isa = PBXFileReference; fileEncoding = 4; lastKnownFileType = sourcecode.swift; path = HikeView.swift; sourceTree = "<group>"; };
/* End PBXFileReference section */

/* Begin PBXFrameworksBuildPhase section */
		4D706BC72A2A492500403962 /* Frameworks */ = {
			isa = PBXFrameworksBuildPhase;
			buildActionMask = 2147483647;
			files = (
				4D6520E92A313EC100E971C2 /* PackageTest1 in Frameworks */,
			);
			runOnlyForDeploymentPostprocessing = 0;
		};
		4D706BD72A2A492800403962 /* Frameworks */ = {
			isa = PBXFrameworksBuildPhase;
			buildActionMask = 2147483647;
			files = (
			);
			runOnlyForDeploymentPostprocessing = 0;
		};
		4D706BE12A2A492800403962 /* Frameworks */ = {
			isa = PBXFrameworksBuildPhase;
			buildActionMask = 2147483647;
			files = (
			);
			runOnlyForDeploymentPostprocessing = 0;
		};
/* End PBXFrameworksBuildPhase section */

/* Begin PBXGroup section */
		4D0BD2432A312E1B00D137C1 /* Frameworks */ = {
			isa = PBXGroup;
			children = (
			);
			name = Frameworks;
			sourceTree = "<group>";
		};
		4D4EA1A12A38D867008C1FC0 /* Styles */ = {
			isa = PBXGroup;
			children = (
				4D4EA1A22A38D880008C1FC0 /* ButtonStyle.swift */,
			);
			path = Styles;
			sourceTree = "<group>";
		};
		4D706BC12A2A492500403962 = {
			isa = PBXGroup;
			children = (
				4D706BCC2A2A492500403962 /* Landmarks */,
				4D706BDD2A2A492800403962 /* LandmarksTests */,
				4D706BE72A2A492800403962 /* LandmarksUITests */,
				4D706BCB2A2A492500403962 /* Products */,
				4D0BD2432A312E1B00D137C1 /* Frameworks */,
			);
			sourceTree = "<group>";
		};
		4D706BCB2A2A492500403962 /* Products */ = {
			isa = PBXGroup;
			children = (
				4D706BCA2A2A492500403962 /* Landmarks.app */,
				4D706BDA2A2A492800403962 /* LandmarksTests.xctest */,
				4D706BE42A2A492800403962 /* LandmarksUITests.xctest */,
			);
			name = Products;
			sourceTree = "<group>";
		};
		4D706BCC2A2A492500403962 /* Landmarks */ = {
			isa = PBXGroup;
			children = (
				4D4EA1A12A38D867008C1FC0 /* Styles */,
				4DB8B2AA2A2FA23700CE5ADF /* Resources */,
				4D706C052A2A94F900403962 /* Model */,
				4D706BCD2A2A492500403962 /* LandmarksApp.swift */,
				4D706C042A2A94E300403962 /* Views */,
				4D706BD12A2A492700403962 /* Assets.xcassets */,
				4D706BD32A2A492700403962 /* Preview Content */,
			);
			path = Landmarks;
			sourceTree = "<group>";
		};
		4D706BD32A2A492700403962 /* Preview Content */ = {
			isa = PBXGroup;
			children = (
				4D706BD42A2A492700403962 /* Preview Assets.xcassets */,
			);
			path = "Preview Content";
			sourceTree = "<group>";
		};
		4D706BDD2A2A492800403962 /* LandmarksTests */ = {
			isa = PBXGroup;
			children = (
				4D706BDE2A2A492800403962 /* LandmarksTests.swift */,
			);
			path = LandmarksTests;
			sourceTree = "<group>";
		};
		4D706BE72A2A492800403962 /* LandmarksUITests */ = {
			isa = PBXGroup;
			children = (
				4D706BE82A2A492800403962 /* LandmarksUITests.swift */,
				4D706BEA2A2A492800403962 /* LandmarksUITestsLaunchTests.swift */,
			);
			path = LandmarksUITests;
			sourceTree = "<group>";
		};
		4D706C042A2A94E300403962 /* Views */ = {
			isa = PBXGroup;
			children = (
				4DB8B2B12A2FA4A700CE5ADF /* Hikes */,
				4DB8B29E2A2E642A00CE5ADF /* Helpers */,
				4DB8B29D2A2E642300CE5ADF /* Landmarks */,
				4D5511C32A37D63C00DB9C81 /* FrogButton.swift */,
			);
			path = Views;
			sourceTree = "<group>";
		};
		4D706C052A2A94F900403962 /* Model */ = {
			isa = PBXGroup;
			children = (
				4D706C012A2A7C3D00403962 /* ModelData.swift */,
				4D706BFF2A2A7A5900403962 /* Landmark.swift */,
				4DB8B2AD2A2FA39400CE5ADF /* Hike.swift */,
			);
			path = Model;
			sourceTree = "<group>";
		};
		4DB8B29D2A2E642300CE5ADF /* Landmarks */ = {
			isa = PBXGroup;
			children = (
				4D706BCF2A2A492500403962 /* ContentView.swift */,
				4D706C062A2A952300403962 /* LandmarkRow.swift */,
				4D706C082A2A984C00403962 /* LandmarksList.swift */,
				4D706C0A2A2A9B2000403962 /* LandmarkDetail.swift */,
			);
			path = Landmarks;
			sourceTree = "<group>";
		};
		4DB8B29E2A2E642A00CE5ADF /* Helpers */ = {
			isa = PBXGroup;
			children = (
				4DB8B2A12A2E6A1500CE5ADF /* Badge */,
				4D706BF92A2A6FDC00403962 /* MapView.swift */,
				4D706BF72A2A6A3400403962 /* CircleImage.swift */,
				4DB8B29B2A2E616800CE5ADF /* FavoriteButton.swift */,
			);
			path = Helpers;
			sourceTree = "<group>";
		};
		4DB8B2A12A2E6A1500CE5ADF /* Badge */ = {
			isa = PBXGroup;
			children = (
				4DB8B29F2A2E688600CE5ADF /* HexagonParemeters.swift */,
				4DB8B2A22A2E6A3500CE5ADF /* BadgeBackground.swift */,
				4DB8B2A42A2E70EE00CE5ADF /* BadgeSymbol.swift */,
				4DB8B2A62A2E715000CE5ADF /* RotatedBadgeSymbol.swift */,
				4DB8B2A82A2E718C00CE5ADF /* Badge.swift */,
			);
			path = Badge;
			sourceTree = "<group>";
		};
		4DB8B2AA2A2FA23700CE5ADF /* Resources */ = {
			isa = PBXGroup;
			children = (
				4DB8B2AB2A2FA24D00CE5ADF /* hikeData.json */,
				4D706BFB2A2A79F700403962 /* landmarkData.json */,
			);
			path = Resources;
			sourceTree = "<group>";
		};
		4DB8B2B12A2FA4A700CE5ADF /* Hikes */ = {
			isa = PBXGroup;
			children = (
				4DB8B2B22A2FA4A700CE5ADF /* GraphCapsule.swift */,
				4DB8B2B32A2FA4A700CE5ADF /* HikeGraph.swift */,
				4DB8B2B42A2FA4A700CE5ADF /* HikeDetail.swift */,
				4DB8B2B52A2FA4A700CE5ADF /* HikeView.swift */,
			);
			path = Hikes;
			sourceTree = "<group>";
		};
/* End PBXGroup section */

/* Begin PBXNativeTarget section */
		4D706BC92A2A492500403962 /* Landmarks */ = {
			isa = PBXNativeTarget;
			buildConfigurationList = 4D706BEE2A2A492800403962 /* Build configuration list for PBXNativeTarget "Landmarks" */;
			buildPhases = (
				4D706BC62A2A492500403962 /* Sources */,
				4D706BC72A2A492500403962 /* Frameworks */,
				4D706BC82A2A492500403962 /* Resources */,
			);
			buildRules = (
			);
			dependencies = (
			);
			name = Landmarks;
			packageProductDependencies = (
				4D6520E82A313EC100E971C2 /* PackageTest1 */,
			);
			productName = Landmarks;
			productReference = 4D706BCA2A2A492500403962 /* Landmarks.app */;
			productType = "com.apple.product-type.application";
		};
		4D706BD92A2A492800403962 /* LandmarksTests */ = {
			isa = PBXNativeTarget;
			buildConfigurationList = 4D706BF12A2A492800403962 /* Build configuration list for PBXNativeTarget "LandmarksTests" */;
			buildPhases = (
				4D706BD62A2A492800403962 /* Sources */,
				4D706BD72A2A492800403962 /* Frameworks */,
				4D706BD82A2A492800403962 /* Resources */,
			);
			buildRules = (
			);
			dependencies = (
				4D706BDC2A2A492800403962 /* PBXTargetDependency */,
			);
			name = LandmarksTests;
			productName = LandmarksTests;
			productReference = 4D706BDA2A2A492800403962 /* LandmarksTests.xctest */;
			productType = "com.apple.product-type.bundle.unit-test";
		};
		4D706BE32A2A492800403962 /* LandmarksUITests */ = {
			isa = PBXNativeTarget;
			buildConfigurationList = 4D706BF42A2A492800403962 /* Build configuration list for PBXNativeTarget "LandmarksUITests" */;
			buildPhases = (
				4D706BE02A2A492800403962 /* Sources */,
				4D706BE12A2A492800403962 /* Frameworks */,
				4D706BE22A2A492800403962 /* Resources */,
			);
			buildRules = (
			);
			dependencies = (
				4D706BE62A2A492800403962 /* PBXTargetDependency */,
			);
			name = LandmarksUITests;
			productName = LandmarksUITests;
			productReference = 4D706BE42A2A492800403962 /* LandmarksUITests.xctest */;
			productType = "com.apple.product-type.bundle.ui-testing";
		};
/* End PBXNativeTarget section */

/* Begin PBXProject section */
		4D706BC22A2A492500403962 /* Project object */ = {
			isa = PBXProject;
			attributes = {
				BuildIndependentTargetsInParallel = 1;
				LastSwiftUpdateCheck = 1420;
				LastUpgradeCheck = 1420;
				TargetAttributes = {
					4D706BC92A2A492500403962 = {
						CreatedOnToolsVersion = 14.2;
					};
					4D706BD92A2A492800403962 = {
						CreatedOnToolsVersion = 14.2;
						TestTargetID = 4D706BC92A2A492500403962;
					};
					4D706BE32A2A492800403962 = {
						CreatedOnToolsVersion = 14.2;
						TestTargetID = 4D706BC92A2A492500403962;
					};
				};
			};
			buildConfigurationList = 4D706BC52A2A492500403962 /* Build configuration list for PBXProject "Landmarks" */;
			compatibilityVersion = "Xcode 14.0";
			developmentRegion = en;
			hasScannedForEncodings = 0;
			knownRegions = (
				en,
				Base,
			);
			mainGroup = 4D706BC12A2A492500403962;
			packageReferences = (
				4D6520E72A313EC100E971C2 /* XCRemoteSwiftPackageReference "swift-package-test-1" */,
			);
			productRefGroup = 4D706BCB2A2A492500403962 /* Products */;
			projectDirPath = "";
			projectRoot = "";
			targets = (
				4D706BC92A2A492500403962 /* Landmarks */,
				4D706BD92A2A492800403962 /* LandmarksTests */,
				4D706BE32A2A492800403962 /* LandmarksUITests */,
			);
		};
/* End PBXProject section */

/* Begin PBXResourcesBuildPhase section */
		4D706BC82A2A492500403962 /* Resources */ = {
			isa = PBXResourcesBuildPhase;
			buildActionMask = 2147483647;
			files = (
				4DB8B2AC2A2FA24D00CE5ADF /* hikeData.json in Resources */,
				4D706BD52A2A492700403962 /* Preview Assets.xcassets in Resources */,
				4D706BD22A2A492700403962 /* Assets.xcassets in Resources */,
				4D706BFC2A2A79F700403962 /* landmarkData.json in Resources */,
			);
			runOnlyForDeploymentPostprocessing = 0;
		};
		4D706BD82A2A492800403962 /* Resources */ = {
			isa = PBXResourcesBuildPhase;
			buildActionMask = 2147483647;
			files = (
			);
			runOnlyForDeploymentPostprocessing = 0;
		};
		4D706BE22A2A492800403962 /* Resources */ = {
			isa = PBXResourcesBuildPhase;
			buildActionMask = 2147483647;
			files = (
			);
			runOnlyForDeploymentPostprocessing = 0;
		};
/* End PBXResourcesBuildPhase section */

/* Begin PBXSourcesBuildPhase section */
		4D706BC62A2A492500403962 /* Sources */ = {
			isa = PBXSourcesBuildPhase;
			buildActionMask = 2147483647;
			files = (
				4D706BD02A2A492500403962 /* ContentView.swift in Sources */,
				4DB8B2B72A2FA4A700CE5ADF /* HikeGraph.swift in Sources */,
				4DB8B2A92A2E718C00CE5ADF /* Badge.swift in Sources */,
				4D706BFA2A2A6FDC00403962 /* MapView.swift in Sources */,
				4DB8B2B62A2FA4A700CE5ADF /* GraphCapsule.swift in Sources */,
				4D706BCE2A2A492500403962 /* LandmarksApp.swift in Sources */,
				4DB8B2A32A2E6A3500CE5ADF /* BadgeBackground.swift in Sources */,
				4D5511C42A37D63C00DB9C81 /* FrogButton.swift in Sources */,
				4DB8B2B82A2FA4A700CE5ADF /* HikeDetail.swift in Sources */,
				4D4EA1A32A38D880008C1FC0 /* ButtonStyle.swift in Sources */,
				4DB8B29C2A2E616800CE5ADF /* FavoriteButton.swift in Sources */,
				4DB8B2AE2A2FA39400CE5ADF /* Hike.swift in Sources */,
				4DB8B2A72A2E715000CE5ADF /* RotatedBadgeSymbol.swift in Sources */,
				4DB8B2A52A2E70EE00CE5ADF /* BadgeSymbol.swift in Sources */,
				4D706BF82A2A6A3400403962 /* CircleImage.swift in Sources */,
				4DB8B2B92A2FA4A700CE5ADF /* HikeView.swift in Sources */,
				4DB8B2A02A2E688600CE5ADF /* HexagonParemeters.swift in Sources */,
				4D706C0B2A2A9B2000403962 /* LandmarkDetail.swift in Sources */,
				4D706C002A2A7A5900403962 /* Landmark.swift in Sources */,
				4D706C072A2A952300403962 /* LandmarkRow.swift in Sources */,
				4D706C022A2A7C3D00403962 /* ModelData.swift in Sources */,
				4D706C092A2A984C00403962 /* LandmarksList.swift in Sources */,
			);
			runOnlyForDeploymentPostprocessing = 0;
		};
		4D706BD62A2A492800403962 /* Sources */ = {
			isa = PBXSourcesBuildPhase;
			buildActionMask = 2147483647;
			files = (
				4D706BDF2A2A492800403962 /* LandmarksTests.swift in Sources */,
			);
			runOnlyForDeploymentPostprocessing = 0;
		};
		4D706BE02A2A492800403962 /* Sources */ = {
			isa = PBXSourcesBuildPhase;
			buildActionMask = 2147483647;
			files = (
				4D706BEB2A2A492800403962 /* LandmarksUITestsLaunchTests.swift in Sources */,
				4D706BE92A2A492800403962 /* LandmarksUITests.swift in Sources */,
			);
			runOnlyForDeploymentPostprocessing = 0;
		};
/* End PBXSourcesBuildPhase section */

/* Begin PBXTargetDependency section */
		4D706BDC2A2A492800403962 /* PBXTargetDependency */ = {
			isa = PBXTargetDependency;
			target = 4D706BC92A2A492500403962 /* Landmarks */;
			targetProxy = 4D706BDB2A2A492800403962 /* PBXContainerItemProxy */;
		};
		4D706BE62A2A492800403962 /* PBXTargetDependency */ = {
			isa = PBXTargetDependency;
			target = 4D706BC92A2A492500403962 /* Landmarks */;
			targetProxy = 4D706BE52A2A492800403962 /* PBXContainerItemProxy */;
		};
/* End PBXTargetDependency section */

/* Begin XCBuildConfiguration section */
		4D706BEC2A2A492800403962 /* Debug */ = {
			isa = XCBuildConfiguration;
			buildSettings = {
				ALWAYS_SEARCH_USER_PATHS = NO;
				CLANG_ANALYZER_NONNULL = YES;
				CLANG_ANALYZER_NUMBER_OBJECT_CONVERSION = YES_AGGRESSIVE;
				CLANG_CXX_LANGUAGE_STANDARD = "gnu++20";
				CLANG_ENABLE_MODULES = YES;
				CLANG_ENABLE_OBJC_ARC = YES;
				CLANG_ENABLE_OBJC_WEAK = YES;
				CLANG_WARN_BLOCK_CAPTURE_AUTORELEASING = YES;
				CLANG_WARN_BOOL_CONVERSION = YES;
				CLANG_WARN_COMMA = YES;
				CLANG_WARN_CONSTANT_CONVERSION = YES;
				CLANG_WARN_DEPRECATED_OBJC_IMPLEMENTATIONS = YES;
				CLANG_WARN_DIRECT_OBJC_ISA_USAGE = YES_ERROR;
				CLANG_WARN_DOCUMENTATION_COMMENTS = YES;
				CLANG_WARN_EMPTY_BODY = YES;
				CLANG_WARN_ENUM_CONVERSION = YES;
				CLANG_WARN_INFINITE_RECURSION = YES;
				CLANG_WARN_INT_CONVERSION = YES;
				CLANG_WARN_NON_LITERAL_NULL_CONVERSION = YES;
				CLANG_WARN_OBJC_IMPLICIT_RETAIN_SELF = YES;
				CLANG_WARN_OBJC_LITERAL_CONVERSION = YES;
				CLANG_WARN_OBJC_ROOT_CLASS = YES_ERROR;
				CLANG_WARN_QUOTED_INCLUDE_IN_FRAMEWORK_HEADER = YES;
				CLANG_WARN_RANGE_LOOP_ANALYSIS = YES;
				CLANG_WARN_STRICT_PROTOTYPES = YES;
				CLANG_WARN_SUSPICIOUS_MOVE = YES;
				CLANG_WARN_UNGUARDED_AVAILABILITY = YES_AGGRESSIVE;
				CLANG_WARN_UNREACHABLE_CODE = YES;
				CLANG_WARN__DUPLICATE_METHOD_MATCH = YES;
				COPY_PHASE_STRIP = NO;
				DEBUG_INFORMATION_FORMAT = dwarf;
				ENABLE_STRICT_OBJC_MSGSEND = YES;
				ENABLE_TESTABILITY = YES;
				GCC_C_LANGUAGE_STANDARD = gnu11;
				GCC_DYNAMIC_NO_PIC = NO;
				GCC_NO_COMMON_BLOCKS = YES;
				GCC_OPTIMIZATION_LEVEL = 0;
				GCC_PREPROCESSOR_DEFINITIONS = (
					"DEBUG=1",
					"$(inherited)",
				);
				GCC_WARN_64_TO_32_BIT_CONVERSION = YES;
				GCC_WARN_ABOUT_RETURN_TYPE = YES_ERROR;
				GCC_WARN_UNDECLARED_SELECTOR = YES;
				GCC_WARN_UNINITIALIZED_AUTOS = YES_AGGRESSIVE;
				GCC_WARN_UNUSED_FUNCTION = YES;
				GCC_WARN_UNUSED_VARIABLE = YES;
				IPHONEOS_DEPLOYMENT_TARGET = 16.2;
				MTL_ENABLE_DEBUG_INFO = INCLUDE_SOURCE;
				MTL_FAST_MATH = YES;
				ONLY_ACTIVE_ARCH = YES;
				SDKROOT = iphoneos;
				SWIFT_ACTIVE_COMPILATION_CONDITIONS = DEBUG;
				SWIFT_OPTIMIZATION_LEVEL = "-Onone";
			};
			name = Debug;
		};
		4D706BED2A2A492800403962 /* Release */ = {
			isa = XCBuildConfiguration;
			buildSettings = {
				ALWAYS_SEARCH_USER_PATHS = NO;
				CLANG_ANALYZER_NONNULL = YES;
				CLANG_ANALYZER_NUMBER_OBJECT_CONVERSION = YES_AGGRESSIVE;
				CLANG_CXX_LANGUAGE_STANDARD = "gnu++20";
				CLANG_ENABLE_MODULES = YES;
				CLANG_ENABLE_OBJC_ARC = YES;
				CLANG_ENABLE_OBJC_WEAK = YES;
				CLANG_WARN_BLOCK_CAPTURE_AUTORELEASING = YES;
				CLANG_WARN_BOOL_CONVERSION = YES;
				CLANG_WARN_COMMA = YES;
				CLANG_WARN_CONSTANT_CONVERSION = YES;
				CLANG_WARN_DEPRECATED_OBJC_IMPLEMENTATIONS = YES;
				CLANG_WARN_DIRECT_OBJC_ISA_USAGE = YES_ERROR;
				CLANG_WARN_DOCUMENTATION_COMMENTS = YES;
				CLANG_WARN_EMPTY_BODY = YES;
				CLANG_WARN_ENUM_CONVERSION = YES;
				CLANG_WARN_INFINITE_RECURSION = YES;
				CLANG_WARN_INT_CONVERSION = YES;
				CLANG_WARN_NON_LITERAL_NULL_CONVERSION = YES;
				CLANG_WARN_OBJC_IMPLICIT_RETAIN_SELF = YES;
				CLANG_WARN_OBJC_LITERAL_CONVERSION = YES;
				CLANG_WARN_OBJC_ROOT_CLASS = YES_ERROR;
				CLANG_WARN_QUOTED_INCLUDE_IN_FRAMEWORK_HEADER = YES;
				CLANG_WARN_RANGE_LOOP_ANALYSIS = YES;
				CLANG_WARN_STRICT_PROTOTYPES = YES;
				CLANG_WARN_SUSPICIOUS_MOVE = YES;
				CLANG_WARN_UNGUARDED_AVAILABILITY = YES_AGGRESSIVE;
				CLANG_WARN_UNREACHABLE_CODE = YES;
				CLANG_WARN__DUPLICATE_METHOD_MATCH = YES;
				COPY_PHASE_STRIP = NO;
				DEBUG_INFORMATION_FORMAT = "dwarf-with-dsym";
				ENABLE_NS_ASSERTIONS = NO;
				ENABLE_STRICT_OBJC_MSGSEND = YES;
				GCC_C_LANGUAGE_STANDARD = gnu11;
				GCC_NO_COMMON_BLOCKS = YES;
				GCC_WARN_64_TO_32_BIT_CONVERSION = YES;
				GCC_WARN_ABOUT_RETURN_TYPE = YES_ERROR;
				GCC_WARN_UNDECLARED_SELECTOR = YES;
				GCC_WARN_UNINITIALIZED_AUTOS = YES_AGGRESSIVE;
				GCC_WARN_UNUSED_FUNCTION = YES;
				GCC_WARN_UNUSED_VARIABLE = YES;
				IPHONEOS_DEPLOYMENT_TARGET = 16.2;
				MTL_ENABLE_DEBUG_INFO = NO;
				MTL_FAST_MATH = YES;
				SDKROOT = iphoneos;
				SWIFT_COMPILATION_MODE = wholemodule;
				SWIFT_OPTIMIZATION_LEVEL = "-O";
				VALIDATE_PRODUCT = YES;
			};
			name = Release;
		};
		4D706BEF2A2A492800403962 /* Debug */ = {
			isa = XCBuildConfiguration;
			buildSettings = {
				ASSETCATALOG_COMPILER_APPICON_NAME = AppIcon;
				ASSETCATALOG_COMPILER_GLOBAL_ACCENT_COLOR_NAME = AccentColor;
				CODE_SIGN_STYLE = Automatic;
				CURRENT_PROJECT_VERSION = 1;
				DEVELOPMENT_ASSET_PATHS = "\"Landmarks/Preview Content\"";
				ENABLE_PREVIEWS = YES;
				GENERATE_INFOPLIST_FILE = YES;
				INFOPLIST_KEY_UIApplicationSceneManifest_Generation = YES;
				INFOPLIST_KEY_UIApplicationSupportsIndirectInputEvents = YES;
				INFOPLIST_KEY_UILaunchScreen_Generation = YES;
				INFOPLIST_KEY_UISupportedInterfaceOrientations_iPad = "UIInterfaceOrientationPortrait UIInterfaceOrientationPortraitUpsideDown UIInterfaceOrientationLandscapeLeft UIInterfaceOrientationLandscapeRight";
				INFOPLIST_KEY_UISupportedInterfaceOrientations_iPhone = "UIInterfaceOrientationPortrait UIInterfaceOrientationLandscapeLeft UIInterfaceOrientationLandscapeRight";
				LD_RUNPATH_SEARCH_PATHS = (
					"$(inherited)",
					"@executable_path/Frameworks",
				);
				MARKETING_VERSION = 1.0;
				PRODUCT_BUNDLE_IDENTIFIER = com.frog.Landmarks;
				PRODUCT_NAME = "$(TARGET_NAME)";
				SWIFT_EMIT_LOC_STRINGS = YES;
				SWIFT_VERSION = 5.0;
				TARGETED_DEVICE_FAMILY = "1,2";
			};
			name = Debug;
		};
		4D706BF02A2A492800403962 /* Release */ = {
			isa = XCBuildConfiguration;
			buildSettings = {
				ASSETCATALOG_COMPILER_APPICON_NAME = AppIcon;
				ASSETCATALOG_COMPILER_GLOBAL_ACCENT_COLOR_NAME = AccentColor;
				CODE_SIGN_STYLE = Automatic;
				CURRENT_PROJECT_VERSION = 1;
				DEVELOPMENT_ASSET_PATHS = "\"Landmarks/Preview Content\"";
				ENABLE_PREVIEWS = YES;
				GENERATE_INFOPLIST_FILE = YES;
				INFOPLIST_KEY_UIApplicationSceneManifest_Generation = YES;
				INFOPLIST_KEY_UIApplicationSupportsIndirectInputEvents = YES;
				INFOPLIST_KEY_UILaunchScreen_Generation = YES;
				INFOPLIST_KEY_UISupportedInterfaceOrientations_iPad = "UIInterfaceOrientationPortrait UIInterfaceOrientationPortraitUpsideDown UIInterfaceOrientationLandscapeLeft UIInterfaceOrientationLandscapeRight";
				INFOPLIST_KEY_UISupportedInterfaceOrientations_iPhone = "UIInterfaceOrientationPortrait UIInterfaceOrientationLandscapeLeft UIInterfaceOrientationLandscapeRight";
				LD_RUNPATH_SEARCH_PATHS = (
					"$(inherited)",
					"@executable_path/Frameworks",
				);
				MARKETING_VERSION = 1.0;
				PRODUCT_BUNDLE_IDENTIFIER = com.frog.Landmarks;
				PRODUCT_NAME = "$(TARGET_NAME)";
				SWIFT_EMIT_LOC_STRINGS = YES;
				SWIFT_VERSION = 5.0;
				TARGETED_DEVICE_FAMILY = "1,2";
			};
			name = Release;
		};
		4D706BF22A2A492800403962 /* Debug */ = {
			isa = XCBuildConfiguration;
			buildSettings = {
				ALWAYS_EMBED_SWIFT_STANDARD_LIBRARIES = YES;
				BUNDLE_LOADER = "$(TEST_HOST)";
				CODE_SIGN_STYLE = Automatic;
				CURRENT_PROJECT_VERSION = 1;
				GENERATE_INFOPLIST_FILE = YES;
				IPHONEOS_DEPLOYMENT_TARGET = 16.2;
				MARKETING_VERSION = 1.0;
				PRODUCT_BUNDLE_IDENTIFIER = com.frog.LandmarksTests;
				PRODUCT_NAME = "$(TARGET_NAME)";
				SWIFT_EMIT_LOC_STRINGS = NO;
				SWIFT_VERSION = 5.0;
				TARGETED_DEVICE_FAMILY = "1,2";
				TEST_HOST = "$(BUILT_PRODUCTS_DIR)/Landmarks.app/$(BUNDLE_EXECUTABLE_FOLDER_PATH)/Landmarks";
			};
			name = Debug;
		};
		4D706BF32A2A492800403962 /* Release */ = {
			isa = XCBuildConfiguration;
			buildSettings = {
				ALWAYS_EMBED_SWIFT_STANDARD_LIBRARIES = YES;
				BUNDLE_LOADER = "$(TEST_HOST)";
				CODE_SIGN_STYLE = Automatic;
				CURRENT_PROJECT_VERSION = 1;
				GENERATE_INFOPLIST_FILE = YES;
				IPHONEOS_DEPLOYMENT_TARGET = 16.2;
				MARKETING_VERSION = 1.0;
				PRODUCT_BUNDLE_IDENTIFIER = com.frog.LandmarksTests;
				PRODUCT_NAME = "$(TARGET_NAME)";
				SWIFT_EMIT_LOC_STRINGS = NO;
				SWIFT_VERSION = 5.0;
				TARGETED_DEVICE_FAMILY = "1,2";
				TEST_HOST = "$(BUILT_PRODUCTS_DIR)/Landmarks.app/$(BUNDLE_EXECUTABLE_FOLDER_PATH)/Landmarks";
			};
			name = Release;
		};
		4D706BF52A2A492800403962 /* Debug */ = {
			isa = XCBuildConfiguration;
			buildSettings = {
				ALWAYS_EMBED_SWIFT_STANDARD_LIBRARIES = YES;
				CODE_SIGN_STYLE = Automatic;
				CURRENT_PROJECT_VERSION = 1;
				GENERATE_INFOPLIST_FILE = YES;
				MARKETING_VERSION = 1.0;
				PRODUCT_BUNDLE_IDENTIFIER = com.frog.LandmarksUITests;
				PRODUCT_NAME = "$(TARGET_NAME)";
				SWIFT_EMIT_LOC_STRINGS = NO;
				SWIFT_VERSION = 5.0;
				TARGETED_DEVICE_FAMILY = "1,2";
				TEST_TARGET_NAME = Landmarks;
			};
			name = Debug;
		};
		4D706BF62A2A492800403962 /* Release */ = {
			isa = XCBuildConfiguration;
			buildSettings = {
				ALWAYS_EMBED_SWIFT_STANDARD_LIBRARIES = YES;
				CODE_SIGN_STYLE = Automatic;
				CURRENT_PROJECT_VERSION = 1;
				GENERATE_INFOPLIST_FILE = YES;
				MARKETING_VERSION = 1.0;
				PRODUCT_BUNDLE_IDENTIFIER = com.frog.LandmarksUITests;
				PRODUCT_NAME = "$(TARGET_NAME)";
				SWIFT_EMIT_LOC_STRINGS = NO;
				SWIFT_VERSION = 5.0;
				TARGETED_DEVICE_FAMILY = "1,2";
				TEST_TARGET_NAME = Landmarks;
			};
			name = Release;
		};
/* End XCBuildConfiguration section */

/* Begin XCConfigurationList section */
		4D706BC52A2A492500403962 /* Build configuration list for PBXProject "Landmarks" */ = {
			isa = XCConfigurationList;
			buildConfigurations = (
				4D706BEC2A2A492800403962 /* Debug */,
				4D706BED2A2A492800403962 /* Release */,
			);
			defaultConfigurationIsVisible = 0;
			defaultConfigurationName = Release;
		};
		4D706BEE2A2A492800403962 /* Build configuration list for PBXNativeTarget "Landmarks" */ = {
			isa = XCConfigurationList;
			buildConfigurations = (
				4D706BEF2A2A492800403962 /* Debug */,
				4D706BF02A2A492800403962 /* Release */,
			);
			defaultConfigurationIsVisible = 0;
			defaultConfigurationName = Release;
		};
		4D706BF12A2A492800403962 /* Build configuration list for PBXNativeTarget "LandmarksTests" */ = {
			isa = XCConfigurationList;
			buildConfigurations = (
				4D706BF22A2A492800403962 /* Debug */,
				4D706BF32A2A492800403962 /* Release */,
			);
			defaultConfigurationIsVisible = 0;
			defaultConfigurationName = Release;
		};
		4D706BF42A2A492800403962 /* Build configuration list for PBXNativeTarget "LandmarksUITests" */ = {
			isa = XCConfigurationList;
			buildConfigurations = (
				4D706BF52A2A492800403962 /* Debug */,
				4D706BF62A2A492800403962 /* Release */,
			);
			defaultConfigurationIsVisible = 0;
			defaultConfigurationName = Release;
		};
/* End XCConfigurationList section */

/* Begin XCRemoteSwiftPackageReference section */
		4D6520E72A313EC100E971C2 /* XCRemoteSwiftPackageReference "swift-package-test-1" */ = {
			isa = XCRemoteSwiftPackageReference;
			repositoryURL = "https://github.com/d01000100/swift-package-test-1";
			requirement = {
				kind = upToNextMajorVersion;
				minimumVersion = 0.0.1;
			};
		};
/* End XCRemoteSwiftPackageReference section */

/* Begin XCSwiftPackageProductDependency section */
		4D6520E82A313EC100E971C2 /* PackageTest1 */ = {
			isa = XCSwiftPackageProductDependency;
			package = 4D6520E72A313EC100E971C2 /* XCRemoteSwiftPackageReference "swift-package-test-1" */;
			productName = PackageTest1;
		};
/* End XCSwiftPackageProductDependency section */
	};
	rootObject = 4D706BC22A2A492500403962 /* Project object */;
}
